{
  "name": "per_multicall",
  "lockfileVersion": 3,
  "requires": true,
  "packages": {
    "": {
      "dependencies": {
        "@pythnetwork/express-relay-sdk-solidity": "^0.2.0",
        "@pythnetwork/pyth-sdk-solidity": "^2.3.0"
      }
    },
    "node_modules/@pythnetwork/express-relay-sdk-solidity": {
      "version": "0.2.0",
      "resolved": "https://registry.npmjs.org/@pythnetwork/express-relay-sdk-solidity/-/express-relay-sdk-solidity-0.2.0.tgz",
      "integrity": "sha512-4v7bjaxcFwYuw/iwpqx2YhG+SHKOiSbiW/Cy2Pd5NsMEpD+WWxOyH03m/XVPiuZQxgTsNgXf4Wf/NJmTEjE+jw=="
    },
    "node_modules/@pythnetwork/pyth-sdk-solidity": {
      "version": "2.3.0",
      "resolved": "https://registry.npmjs.org/@pythnetwork/pyth-sdk-solidity/-/pyth-sdk-solidity-2.3.0.tgz",
      "integrity": "sha512-P4B03Bclwlyey30kmamgcpGnO9DrN0/bhQmnuTzltB+1YSPAnQxIlUWnyXpCN5rKkLd7Ay2bXW4T0QP0uszORA=="
    }
  }
}
